{
  "requires": true,
  "lockfileVersion": 1,
  "dependencies": {
    "ng2-search-filter": {
      "version": "0.4.7",
      "resolved": "https://registry.npmjs.org/ng2-search-filter/-/ng2-search-filter-0.4.7.tgz",
      "integrity": "sha512-l49diVMfN3d6BTbFBtgpvywLTHYW63/XSPpmmrfSlGP+WbxoVbbqqbG6zK/ivLvwmWWdvDAqw+b+lyhqMAkSLw=="
    }
  }
}
